
Microsoft Visual Studio Solution File, Format Version 12.00
# Visual Studio Version 16
VisualStudioVersion = 16.0.31613.86
MinimumVisualStudioVersion = 10.0.40219.1
Project("{FAE04EC0-301F-11D3-BF4B-00C04F79EFBC}") = "ConsoleApp1", "ConsoleApp1\ConsoleApp1.csproj", "{D8AD1436-80A4-40A4-B7BD-9B87097F061D}"
EndProject
Global
	GlobalSection(SolutionConfigurationPlatforms) = preSolution
		Debug|Any CPU = Debug|Any CPU
		Release|Any CPU = Release|Any CPU
	EndGlobalSection
	GlobalSection(ProjectConfigurationPlatforms) = postSolution
		{D8AD1436-80A4-40A4-B7BD-9B87097F061D}.Debug|Any CPU.ActiveCfg = Debug|Any CPU
		{D8AD1436-80A4-40A4-B7BD-9B87097F061D}.Debug|Any CPU.Build.0 = Debug|Any CPU
		{D8AD1436-80A4-40A4-B7BD-9B87097F061D}.Release|Any CPU.ActiveCfg = Release|Any CPU
		{D8AD1436-80A4-40A4-B7BD-9B87097F061D}.Release|Any CPU.Build.0 = Release|Any CPU
	EndGlobalSection
	GlobalSection(SolutionProperties) = preSolution
		HideSolutionNode = FALSE
	EndGlobalSection
	GlobalSection(ExtensibilityGlobals) = postSolution
		SolutionGuid = {F24C750E-730B-46EA-9583-F6192E02DC53}
	EndGlobalSection
EndGlobal
